
Microsoft Visual Studio Solution File, Format Version 12.00
# Visual Studio 15
VisualStudioVersion = 15.0.27703.2047
MinimumVisualStudioVersion = 10.0.40219.1
Project("{FAE04EC0-301F-11D3-BF4B-00C04F79EFBC}") = "MovingAverage", "MovingAverage\MovingAverage.csproj", "{D2C393EA-B4D0-4A87-9AFD-EE050D52210A}"
EndProject
Project("{FAE04EC0-301F-11D3-BF4B-00C04F79EFBC}") = "Coordinaten", "Coordinaten\Coordinaten.csproj", "{1203D005-811A-40B9-AFFF-8DBB26C43D25}"
EndProject
Project("{FAE04EC0-301F-11D3-BF4B-00C04F79EFBC}") = "LinairVsBinair", "LinairVsBinair\LinairVsBinair.csproj", "{F0806967-2D2C-479B-965B-37C296C8A1B6}"
EndProject
Global
	GlobalSection(SolutionConfigurationPlatforms) = preSolution
		Debug|Any CPU = Debug|Any CPU
		Release|Any CPU = Release|Any CPU
	EndGlobalSection
	GlobalSection(ProjectConfigurationPlatforms) = postSolution
		{D2C393EA-B4D0-4A87-9AFD-EE050D52210A}.Debug|Any CPU.ActiveCfg = Debug|Any CPU
		{D2C393EA-B4D0-4A87-9AFD-EE050D52210A}.Debug|Any CPU.Build.0 = Debug|Any CPU
		{D2C393EA-B4D0-4A87-9AFD-EE050D52210A}.Release|Any CPU.ActiveCfg = Release|Any CPU
		{D2C393EA-B4D0-4A87-9AFD-EE050D52210A}.Release|Any CPU.Build.0 = Release|Any CPU
		{1203D005-811A-40B9-AFFF-8DBB26C43D25}.Debug|Any CPU.ActiveCfg = Debug|Any CPU
		{1203D005-811A-40B9-AFFF-8DBB26C43D25}.Debug|Any CPU.Build.0 = Debug|Any CPU
		{1203D005-811A-40B9-AFFF-8DBB26C43D25}.Release|Any CPU.ActiveCfg = Release|Any CPU
		{1203D005-811A-40B9-AFFF-8DBB26C43D25}.Release|Any CPU.Build.0 = Release|Any CPU
		{F0806967-2D2C-479B-965B-37C296C8A1B6}.Debug|Any CPU.ActiveCfg = Debug|Any CPU
		{F0806967-2D2C-479B-965B-37C296C8A1B6}.Debug|Any CPU.Build.0 = Debug|Any CPU
		{F0806967-2D2C-479B-965B-37C296C8A1B6}.Release|Any CPU.ActiveCfg = Release|Any CPU
		{F0806967-2D2C-479B-965B-37C296C8A1B6}.Release|Any CPU.Build.0 = Release|Any CPU
	EndGlobalSection
	GlobalSection(SolutionProperties) = preSolution
		HideSolutionNode = FALSE
	EndGlobalSection
	GlobalSection(ExtensibilityGlobals) = postSolution
		SolutionGuid = {D914CFA1-2D0E-4585-BCA9-09006423997C}
	EndGlobalSection
EndGlobal
